
Microsoft Visual Studio Solution File, Format Version 12.00
Project("{FAE04EC0-301F-11D3-BF4B-00C04F79EFBC}") = "Bools", "Bools\Bools.csproj", "{67AE6301-C562-4331-9C9F-A659C93216D1}"
EndProject
Project("{FAE04EC0-301F-11D3-BF4B-00C04F79EFBC}") = "BooleanLogicTests", "BooleanLogicTests\BooleanLogicTests.csproj", "{961F6AFE-75C3-4C6E-876E-760957A43769}"
EndProject
Global
	GlobalSection(SolutionConfigurationPlatforms) = preSolution
		Debug|Any CPU = Debug|Any CPU
		Release|Any CPU = Release|Any CPU
	EndGlobalSection
	GlobalSection(ProjectConfigurationPlatforms) = postSolution
		{67AE6301-C562-4331-9C9F-A659C93216D1}.Debug|Any CPU.ActiveCfg = Debug|Any CPU
		{67AE6301-C562-4331-9C9F-A659C93216D1}.Debug|Any CPU.Build.0 = Debug|Any CPU
		{67AE6301-C562-4331-9C9F-A659C93216D1}.Release|Any CPU.ActiveCfg = Release|Any CPU
		{67AE6301-C562-4331-9C9F-A659C93216D1}.Release|Any CPU.Build.0 = Release|Any CPU
		{961F6AFE-75C3-4C6E-876E-760957A43769}.Debug|Any CPU.ActiveCfg = Debug|Any CPU
		{961F6AFE-75C3-4C6E-876E-760957A43769}.Debug|Any CPU.Build.0 = Debug|Any CPU
		{961F6AFE-75C3-4C6E-876E-760957A43769}.Release|Any CPU.ActiveCfg = Release|Any CPU
		{961F6AFE-75C3-4C6E-876E-760957A43769}.Release|Any CPU.Build.0 = Release|Any CPU
	EndGlobalSection
EndGlobal
